// !$*UTF8*$!
{
	archiveVersion = 1;
	classes = {
	};
	objectVersion = 50;
	objects = {

/* Begin PBXBuildFile section */
		C0AD278A244882950094F11E /* ViewController.swift in Sources */ = {isa = PBXBuildFile; fileRef = C0AD2780244882950094F11E /* ViewController.swift */; };
		C0AD278B244882950094F11E /* Assets.xcassets in Resources */ = {isa = PBXBuildFile; fileRef = C0AD2783244882950094F11E /* Assets.xcassets */; };
		C0AD278D244882950094F11E /* Main.storyboard in Resources */ = {isa = PBXBuildFile; fileRef = C0AD2786244882950094F11E /* Main.storyboard */; };
		C0AD278E244882950094F11E /* AppDelegate.swift in Sources */ = {isa = PBXBuildFile; fileRef = C0AD2787244882950094F11E /* AppDelegate.swift */; };
		C0AD278F244882950094F11E /* Converter.swift in Sources */ = {isa = PBXBuildFile; fileRef = C0AD2789244882950094F11E /* Converter.swift */; };
/* End PBXBuildFile section */

/* Begin PBXFileReference section */
		C086463C244742920025A2B4 /* ImageToMp4Converter.app */ = {isa = PBXFileReference; explicitFileType = wrapper.application; includeInIndex = 0; path = ImageToMp4Converter.app; sourceTree = BUILT_PRODUCTS_DIR; };
		C0AD2780244882950094F11E /* ViewController.swift */ = {isa = PBXFileReference; fileEncoding = 4; lastKnownFileType = sourcecode.swift; path = ViewController.swift; sourceTree = "<group>"; };
		C0AD2782244882950094F11E /* ImageToMp4Converter.entitlements */ = {isa = PBXFileReference; fileEncoding = 4; lastKnownFileType = text.plist.entitlements; path = ImageToMp4Converter.entitlements; sourceTree = "<group>"; };
		C0AD2783244882950094F11E /* Assets.xcassets */ = {isa = PBXFileReference; lastKnownFileType = folder.assetcatalog; path = Assets.xcassets; sourceTree = "<group>"; };
		C0AD2784244882950094F11E /* Info.plist */ = {isa = PBXFileReference; fileEncoding = 4; lastKnownFileType = text.plist.xml; path = Info.plist; sourceTree = "<group>"; };
		C0AD2786244882950094F11E /* Main.storyboard */ = {isa = PBXFileReference; fileEncoding = 4; lastKnownFileType = file.storyboard; path = Main.storyboard; sourceTree = "<group>"; };
		C0AD2787244882950094F11E /* AppDelegate.swift */ = {isa = PBXFileReference; fileEncoding = 4; lastKnownFileType = sourcecode.swift; path = AppDelegate.swift; sourceTree = "<group>"; };
		C0AD2789244882950094F11E /* Converter.swift */ = {isa = PBXFileReference; fileEncoding = 4; lastKnownFileType = sourcecode.swift; path = Converter.swift; sourceTree = "<group>"; };
/* End PBXFileReference section */

/* Begin PBXFrameworksBuildPhase section */
		C0864639244742920025A2B4 /* Frameworks */ = {
			isa = PBXFrameworksBuildPhase;
			buildActionMask = 2147483647;
			files = (
			);
			runOnlyForDeploymentPostprocessing = 0;
		};
/* End PBXFrameworksBuildPhase section */

/* Begin PBXGroup section */
		C0864633244742920025A2B4 = {
			isa = PBXGroup;
			children = (
				C0AD277E244882950094F11E /* ImageToMp4Converter */,
				C086463D244742920025A2B4 /* Products */,
			);
			sourceTree = "<group>";
		};
		C086463D244742920025A2B4 /* Products */ = {
			isa = PBXGroup;
			children = (
				C086463C244742920025A2B4 /* ImageToMp4Converter.app */,
			);
			name = Products;
			sourceTree = "<group>";
		};
		C0AD277E244882950094F11E /* ImageToMp4Converter */ = {
			isa = PBXGroup;
			children = (
				C0AD2787244882950094F11E /* AppDelegate.swift */,
				C0AD2785244882950094F11E /* View */,
				C0AD277F244882950094F11E /* Controller */,
				C0AD2788244882950094F11E /* Helpers */,
				C0AD2781244882950094F11E /* Supporting Files */,
			);
			path = ImageToMp4Converter;
			sourceTree = "<group>";
		};
		C0AD277F244882950094F11E /* Controller */ = {
			isa = PBXGroup;
			children = (
				C0AD2780244882950094F11E /* ViewController.swift */,
			);
			path = Controller;
			sourceTree = "<group>";
		};
		C0AD2781244882950094F11E /* Supporting Files */ = {
			isa = PBXGroup;
			children = (
				C0AD2784244882950094F11E /* Info.plist */,
				C0AD2783244882950094F11E /* Assets.xcassets */,
				C0AD2782244882950094F11E /* ImageToMp4Converter.entitlements */,
			);
			path = "Supporting Files";
			sourceTree = "<group>";
		};
		C0AD2785244882950094F11E /* View */ = {
			isa = PBXGroup;
			children = (
				C0AD2786244882950094F11E /* Main.storyboard */,
			);
			path = View;
			sourceTree = "<group>";
		};
		C0AD2788244882950094F11E /* Helpers */ = {
			isa = PBXGroup;
			children = (
				C0AD2789244882950094F11E /* Converter.swift */,
			);
			path = Helpers;
			sourceTree = "<group>";
		};
/* End PBXGroup section */

/* Begin PBXNativeTarget section */
		C086463B244742920025A2B4 /* ImageToMp4Converter */ = {
			isa = PBXNativeTarget;
			buildConfigurationList = C086464C244742930025A2B4 /* Build configuration list for PBXNativeTarget "ImageToMp4Converter" */;
			buildPhases = (
				C0864638244742920025A2B4 /* Sources */,
				C0864639244742920025A2B4 /* Frameworks */,
				C086463A244742920025A2B4 /* Resources */,
			);
			buildRules = (
			);
			dependencies = (
			);
			name = ImageToMp4Converter;
			productName = PngToMp4Converter;
			productReference = C086463C244742920025A2B4 /* ImageToMp4Converter.app */;
			productType = "com.apple.product-type.application";
		};
/* End PBXNativeTarget section */

/* Begin PBXProject section */
		C0864634244742920025A2B4 /* Project object */ = {
			isa = PBXProject;
			attributes = {
				LastSwiftUpdateCheck = 1130;
				LastUpgradeCheck = 1130;
				ORGANIZATIONNAME = sudeep;
				TargetAttributes = {
					C086463B244742920025A2B4 = {
						CreatedOnToolsVersion = 11.3.1;
					};
				};
			};
			buildConfigurationList = C0864637244742920025A2B4 /* Build configuration list for PBXProject "ImageToMp4Converter" */;
			compatibilityVersion = "Xcode 9.3";
			developmentRegion = en;
			hasScannedForEncodings = 0;
			knownRegions = (
				en,
				Base,
			);
			mainGroup = C0864633244742920025A2B4;
			productRefGroup = C086463D244742920025A2B4 /* Products */;
			projectDirPath = "";
			projectRoot = "";
			targets = (
				C086463B244742920025A2B4 /* ImageToMp4Converter */,
			);
		};
/* End PBXProject section */

/* Begin PBXResourcesBuildPhase section */
		C086463A244742920025A2B4 /* Resources */ = {
			isa = PBXResourcesBuildPhase;
			buildActionMask = 2147483647;
			files = (
				C0AD278D244882950094F11E /* Main.storyboard in Resources */,
				C0AD278B244882950094F11E /* Assets.xcassets in Resources */,
			);
			runOnlyForDeploymentPostprocessing = 0;
		};
/* End PBXResourcesBuildPhase section */

/* Begin PBXSourcesBuildPhase section */
		C0864638244742920025A2B4 /* Sources */ = {
			isa = PBXSourcesBuildPhase;
			buildActionMask = 2147483647;
			files = (
				C0AD278A244882950094F11E /* ViewController.swift in Sources */,
				C0AD278E244882950094F11E /* AppDelegate.swift in Sources */,
				C0AD278F244882950094F11E /* Converter.swift in Sources */,
			);
			runOnlyForDeploymentPostprocessing = 0;
		};
/* End PBXSourcesBuildPhase section */

/* Begin XCBuildConfiguration section */
		C086464A244742930025A2B4 /* Debug */ = {
			isa = XCBuildConfiguration;
			buildSettings = {
				ALWAYS_SEARCH_USER_PATHS = NO;
				CLANG_ANALYZER_NONNULL = YES;
				CLANG_ANALYZER_NUMBER_OBJECT_CONVERSION = YES_AGGRESSIVE;
				CLANG_CXX_LANGUAGE_STANDARD = "gnu++14";
				CLANG_CXX_LIBRARY = "libc++";
				CLANG_ENABLE_MODULES = YES;
				CLANG_ENABLE_OBJC_ARC = YES;
				CLANG_ENABLE_OBJC_WEAK = YES;
				CLANG_WARN_BLOCK_CAPTURE_AUTORELEASING = YES;
				CLANG_WARN_BOOL_CONVERSION = YES;
				CLANG_WARN_COMMA = YES;
				CLANG_WARN_CONSTANT_CONVERSION = YES;
				CLANG_WARN_DEPRECATED_OBJC_IMPLEMENTATIONS = YES;
				CLANG_WARN_DIRECT_OBJC_ISA_USAGE = YES_ERROR;
				CLANG_WARN_DOCUMENTATION_COMMENTS = YES;
				CLANG_WARN_EMPTY_BODY = YES;
				CLANG_WARN_ENUM_CONVERSION = YES;
				CLANG_WARN_INFINITE_RECURSION = YES;
				CLANG_WARN_INT_CONVERSION = YES;
				CLANG_WARN_NON_LITERAL_NULL_CONVERSION = YES;
				CLANG_WARN_OBJC_IMPLICIT_RETAIN_SELF = YES;
				CLANG_WARN_OBJC_LITERAL_CONVERSION = YES;
				CLANG_WARN_OBJC_ROOT_CLASS = YES_ERROR;
				CLANG_WARN_RANGE_LOOP_ANALYSIS = YES;
				CLANG_WARN_STRICT_PROTOTYPES = YES;
				CLANG_WARN_SUSPICIOUS_MOVE = YES;
				CLANG_WARN_UNGUARDED_AVAILABILITY = YES_AGGRESSIVE;
				CLANG_WARN_UNREACHABLE_CODE = YES;
				CLANG_WARN__DUPLICATE_METHOD_MATCH = YES;
				COPY_PHASE_STRIP = NO;
				DEBUG_INFORMATION_FORMAT = dwarf;
				ENABLE_STRICT_OBJC_MSGSEND = YES;
				ENABLE_TESTABILITY = YES;
				GCC_C_LANGUAGE_STANDARD = gnu11;
				GCC_DYNAMIC_NO_PIC = NO;
				GCC_NO_COMMON_BLOCKS = YES;
				GCC_OPTIMIZATION_LEVEL = 0;
				GCC_PREPROCESSOR_DEFINITIONS = (
					"DEBUG=1",
					"$(inherited)",
				);
				GCC_WARN_64_TO_32_BIT_CONVERSION = YES;
				GCC_WARN_ABOUT_RETURN_TYPE = YES_ERROR;
				GCC_WARN_UNDECLARED_SELECTOR = YES;
				GCC_WARN_UNINITIALIZED_AUTOS = YES_AGGRESSIVE;
				GCC_WARN_UNUSED_FUNCTION = YES;
				GCC_WARN_UNUSED_VARIABLE = YES;
				MACOSX_DEPLOYMENT_TARGET = 10.11;
				MTL_ENABLE_DEBUG_INFO = INCLUDE_SOURCE;
				MTL_FAST_MATH = YES;
				ONLY_ACTIVE_ARCH = YES;
				SDKROOT = macosx;
				SWIFT_ACTIVE_COMPILATION_CONDITIONS = DEBUG;
				SWIFT_OPTIMIZATION_LEVEL = "-Onone";
			};
			name = Debug;
		};
		C086464B244742930025A2B4 /* Release */ = {
			isa = XCBuildConfiguration;
			buildSettings = {
				ALWAYS_SEARCH_USER_PATHS = NO;
				CLANG_ANALYZER_NONNULL = YES;
				CLANG_ANALYZER_NUMBER_OBJECT_CONVERSION = YES_AGGRESSIVE;
				CLANG_CXX_LANGUAGE_STANDARD = "gnu++14";
				CLANG_CXX_LIBRARY = "libc++";
				CLANG_ENABLE_MODULES = YES;
				CLANG_ENABLE_OBJC_ARC = YES;
				CLANG_ENABLE_OBJC_WEAK = YES;
				CLANG_WARN_BLOCK_CAPTURE_AUTORELEASING = YES;
				CLANG_WARN_BOOL_CONVERSION = YES;
				CLANG_WARN_COMMA = YES;
				CLANG_WARN_CONSTANT_CONVERSION = YES;
				CLANG_WARN_DEPRECATED_OBJC_IMPLEMENTATIONS = YES;
				CLANG_WARN_DIRECT_OBJC_ISA_USAGE = YES_ERROR;
				CLANG_WARN_DOCUMENTATION_COMMENTS = YES;
				CLANG_WARN_EMPTY_BODY = YES;
				CLANG_WARN_ENUM_CONVERSION = YES;
				CLANG_WARN_INFINITE_RECURSION = YES;
				CLANG_WARN_INT_CONVERSION = YES;
				CLANG_WARN_NON_LITERAL_NULL_CONVERSION = YES;
				CLANG_WARN_OBJC_IMPLICIT_RETAIN_SELF = YES;
				CLANG_WARN_OBJC_LITERAL_CONVERSION = YES;
				CLANG_WARN_OBJC_ROOT_CLASS = YES_ERROR;
				CLANG_WARN_RANGE_LOOP_ANALYSIS = YES;
				CLANG_WARN_STRICT_PROTOTYPES = YES;
				CLANG_WARN_SUSPICIOUS_MOVE = YES;
				CLANG_WARN_UNGUARDED_AVAILABILITY = YES_AGGRESSIVE;
				CLANG_WARN_UNREACHABLE_CODE = YES;
				CLANG_WARN__DUPLICATE_METHOD_MATCH = YES;
				COPY_PHASE_STRIP = NO;
				DEBUG_INFORMATION_FORMAT = "dwarf-with-dsym";
				ENABLE_NS_ASSERTIONS = NO;
				ENABLE_STRICT_OBJC_MSGSEND = YES;
				GCC_C_LANGUAGE_STANDARD = gnu11;
				GCC_NO_COMMON_BLOCKS = YES;
				GCC_WARN_64_TO_32_BIT_CONVERSION = YES;
				GCC_WARN_ABOUT_RETURN_TYPE = YES_ERROR;
				GCC_WARN_UNDECLARED_SELECTOR = YES;
				GCC_WARN_UNINITIALIZED_AUTOS = YES_AGGRESSIVE;
				GCC_WARN_UNUSED_FUNCTION = YES;
				GCC_WARN_UNUSED_VARIABLE = YES;
				MACOSX_DEPLOYMENT_TARGET = 10.11;
				MTL_ENABLE_DEBUG_INFO = NO;
				MTL_FAST_MATH = YES;
				SDKROOT = macosx;
				SWIFT_COMPILATION_MODE = wholemodule;
				SWIFT_OPTIMIZATION_LEVEL = "-O";
			};
			name = Release;
		};
		C086464D244742930025A2B4 /* Debug */ = {
			isa = XCBuildConfiguration;
			buildSettings = {
				ASSETCATALOG_COMPILER_APPICON_NAME = AppIcon;
				CODE_SIGN_ENTITLEMENTS = "ImageToMp4Converter/Supporting Files/ImageToMp4Converter.entitlements";
				CODE_SIGN_STYLE = Automatic;
				COMBINE_HIDPI_IMAGES = YES;
				DEVELOPMENT_TEAM = FU4UV7K2X8;
				ENABLE_HARDENED_RUNTIME = YES;
				INFOPLIST_FILE = "ImageToMp4Converter/Supporting Files/Info.plist";
				LD_RUNPATH_SEARCH_PATHS = (
					"$(inherited)",
					"@executable_path/../Frameworks",
				);
				PRODUCT_BUNDLE_IDENTIFIER = com.sudeep.ImageToMp4Converter;
				PRODUCT_NAME = "$(TARGET_NAME)";
				SWIFT_VERSION = 5.0;
			};
			name = Debug;
		};
		C086464E244742930025A2B4 /* Release */ = {
			isa = XCBuildConfiguration;
			buildSettings = {
				ASSETCATALOG_COMPILER_APPICON_NAME = AppIcon;
				CODE_SIGN_ENTITLEMENTS = "ImageToMp4Converter/Supporting Files/ImageToMp4Converter.entitlements";
				CODE_SIGN_STYLE = Automatic;
				COMBINE_HIDPI_IMAGES = YES;
				DEVELOPMENT_TEAM = FU4UV7K2X8;
				ENABLE_HARDENED_RUNTIME = YES;
				INFOPLIST_FILE = "ImageToMp4Converter/Supporting Files/Info.plist";
				LD_RUNPATH_SEARCH_PATHS = (
					"$(inherited)",
					"@executable_path/../Frameworks",
				);
				PRODUCT_BUNDLE_IDENTIFIER = com.sudeep.ImageToMp4Converter;
				PRODUCT_NAME = "$(TARGET_NAME)";
				SWIFT_VERSION = 5.0;
			};
			name = Release;
		};
/* End XCBuildConfiguration section */

/* Begin XCConfigurationList section */
		C0864637244742920025A2B4 /* Build configuration list for PBXProject "ImageToMp4Converter" */ = {
			isa = XCConfigurationList;
			buildConfigurations = (
				C086464A244742930025A2B4 /* Debug */,
				C086464B244742930025A2B4 /* Release */,
			);
			defaultConfigurationIsVisible = 0;
			defaultConfigurationName = Release;
		};
		C086464C244742930025A2B4 /* Build configuration list for PBXNativeTarget "ImageToMp4Converter" */ = {
			isa = XCConfigurationList;
			buildConfigurations = (
				C086464D244742930025A2B4 /* Debug */,
				C086464E244742930025A2B4 /* Release */,
			);
			defaultConfigurationIsVisible = 0;
			defaultConfigurationName = Release;
		};
/* End XCConfigurationList section */
	};
	rootObject = C0864634244742920025A2B4 /* Project object */;
}
